
Microsoft Visual Studio Solution File, Format Version 12.00
# Visual Studio Version 17
VisualStudioVersion = 17.2.32602.215
MinimumVisualStudioVersion = 10.0.40219.1
Project("{FAE04EC0-301F-11D3-BF4B-00C04F79EFBC}") = "Tess_AssFinal_04", "Tess_AssFinal_04\Tess_AssFinal_04.csproj", "{ADA9A635-F4E5-43D6-A55F-4620B0D2F604}"
EndProject
Global
	GlobalSection(SolutionConfigurationPlatforms) = preSolution
		Debug|Any CPU = Debug|Any CPU
		Release|Any CPU = Release|Any CPU
	EndGlobalSection
	GlobalSection(ProjectConfigurationPlatforms) = postSolution
		{ADA9A635-F4E5-43D6-A55F-4620B0D2F604}.Debug|Any CPU.ActiveCfg = Debug|Any CPU
		{ADA9A635-F4E5-43D6-A55F-4620B0D2F604}.Debug|Any CPU.Build.0 = Debug|Any CPU
		{ADA9A635-F4E5-43D6-A55F-4620B0D2F604}.Release|Any CPU.ActiveCfg = Release|Any CPU
		{ADA9A635-F4E5-43D6-A55F-4620B0D2F604}.Release|Any CPU.Build.0 = Release|Any CPU
	EndGlobalSection
	GlobalSection(SolutionProperties) = preSolution
		HideSolutionNode = FALSE
	EndGlobalSection
	GlobalSection(ExtensibilityGlobals) = postSolution
		SolutionGuid = {CF050C03-58C3-406B-BF40-A4D10C0D1703}
	EndGlobalSection
EndGlobal
